
Microsoft Visual Studio Solution File, Format Version 12.00
# Visual Studio Version 17
VisualStudioVersion = 17.11.35312.102
MinimumVisualStudioVersion = 10.0.40219.1
Project("{9A19103F-16F7-4668-BE54-9A1E7A4F7556}") = "lesson1", "ConsoleApp1\lesson1.csproj", "{698DE61F-BA76-475B-ACFA-CC8E512B08AF}"
EndProject
Project("{2150E333-8FDC-42A3-9474-1A3956D46DE8}") = "Solution Items", "Solution Items", "{B3E4E568-E207-4013-9C20-3570E4344DA0}"
EndProject
Project("{9A19103F-16F7-4668-BE54-9A1E7A4F7556}") = "lesson 2", "lesson 2\lesson 2.csproj", "{9A653A8E-864F-4E4A-BEE2-371AF617F8A7}"
EndProject
Project("{FAE04EC0-301F-11D3-BF4B-00C04F79EFBC}") = "Lesson 3", "Lesson 3\Lesson 3.csproj", "{7D5A3739-E614-4313-B29B-93A437659B73}"
EndProject
Global
	GlobalSection(SolutionConfigurationPlatforms) = preSolution
		Debug|Any CPU = Debug|Any CPU
		Release|Any CPU = Release|Any CPU
	EndGlobalSection
	GlobalSection(ProjectConfigurationPlatforms) = postSolution
		{698DE61F-BA76-475B-ACFA-CC8E512B08AF}.Debug|Any CPU.ActiveCfg = Debug|Any CPU
		{698DE61F-BA76-475B-ACFA-CC8E512B08AF}.Debug|Any CPU.Build.0 = Debug|Any CPU
		{698DE61F-BA76-475B-ACFA-CC8E512B08AF}.Release|Any CPU.ActiveCfg = Release|Any CPU
		{698DE61F-BA76-475B-ACFA-CC8E512B08AF}.Release|Any CPU.Build.0 = Release|Any CPU
		{9A653A8E-864F-4E4A-BEE2-371AF617F8A7}.Debug|Any CPU.ActiveCfg = Debug|Any CPU
		{9A653A8E-864F-4E4A-BEE2-371AF617F8A7}.Debug|Any CPU.Build.0 = Debug|Any CPU
		{9A653A8E-864F-4E4A-BEE2-371AF617F8A7}.Release|Any CPU.ActiveCfg = Release|Any CPU
		{9A653A8E-864F-4E4A-BEE2-371AF617F8A7}.Release|Any CPU.Build.0 = Release|Any CPU
		{7D5A3739-E614-4313-B29B-93A437659B73}.Debug|Any CPU.ActiveCfg = Debug|Any CPU
		{7D5A3739-E614-4313-B29B-93A437659B73}.Debug|Any CPU.Build.0 = Debug|Any CPU
		{7D5A3739-E614-4313-B29B-93A437659B73}.Release|Any CPU.ActiveCfg = Release|Any CPU
		{7D5A3739-E614-4313-B29B-93A437659B73}.Release|Any CPU.Build.0 = Release|Any CPU
	EndGlobalSection
	GlobalSection(SolutionProperties) = preSolution
		HideSolutionNode = FALSE
	EndGlobalSection
	GlobalSection(NestedProjects) = preSolution
		{9A653A8E-864F-4E4A-BEE2-371AF617F8A7} = {B3E4E568-E207-4013-9C20-3570E4344DA0}
	EndGlobalSection
	GlobalSection(ExtensibilityGlobals) = postSolution
		SolutionGuid = {A3EDAC6B-3FAE-4866-B7B7-BC9F52D19B11}
	EndGlobalSection
EndGlobal
